
Microsoft Visual Studio Solution File, Format Version 12.00
# Visual Studio 15
VisualStudioVersion = 15.0.28010.2050
MinimumVisualStudioVersion = 10.0.40219.1
Project("{FAE04EC0-301F-11D3-BF4B-00C04F79EFBC}") = "ReactWeb", "ReactWeb\ReactWeb.csproj", "{084F6D5D-E674-4DB9-8938-8003F02CCBFE}"
EndProject
Global
	GlobalSection(SolutionConfigurationPlatforms) = preSolution
		Debug|Any CPU = Debug|Any CPU
		Release|Any CPU = Release|Any CPU
	EndGlobalSection
	GlobalSection(ProjectConfigurationPlatforms) = postSolution
		{084F6D5D-E674-4DB9-8938-8003F02CCBFE}.Debug|Any CPU.ActiveCfg = Debug|Any CPU
		{084F6D5D-E674-4DB9-8938-8003F02CCBFE}.Debug|Any CPU.Build.0 = Debug|Any CPU
		{084F6D5D-E674-4DB9-8938-8003F02CCBFE}.Release|Any CPU.ActiveCfg = Release|Any CPU
		{084F6D5D-E674-4DB9-8938-8003F02CCBFE}.Release|Any CPU.Build.0 = Release|Any CPU
	EndGlobalSection
	GlobalSection(SolutionProperties) = preSolution
		HideSolutionNode = FALSE
	EndGlobalSection
	GlobalSection(ExtensibilityGlobals) = postSolution
		SolutionGuid = {91CF307F-44F5-43C1-8DFC-FA405F6F1AAD}
	EndGlobalSection
EndGlobal
